
Microsoft Visual Studio Solution File, Format Version 12.00
# Visual Studio Version 16
VisualStudioVersion = 16.0.30204.135
MinimumVisualStudioVersion = 10.0.40219.1
Project("{9A19103F-16F7-4668-BE54-9A1E7A4F7556}") = "ProjetoAgendaAPI", "ProjetoAgendaAPI\ProjetoAgendaAPI.csproj", "{E64AB331-EEC3-4FDB-A028-72816375F184}"
EndProject
Project("{FAE04EC0-301F-11D3-BF4B-00C04F79EFBC}") = "ProjetoAgenda.IntegrationTest", "ProjetoAgenda.IntegrationTest\ProjetoAgenda.IntegrationTest.csproj", "{6BB5B072-7CDA-46FB-BDDC-F5DEBAB254FF}"
EndProject
Global
	GlobalSection(SolutionConfigurationPlatforms) = preSolution
		Debug|Any CPU = Debug|Any CPU
		Release|Any CPU = Release|Any CPU
	EndGlobalSection
	GlobalSection(ProjectConfigurationPlatforms) = postSolution
		{E64AB331-EEC3-4FDB-A028-72816375F184}.Debug|Any CPU.ActiveCfg = Debug|Any CPU
		{E64AB331-EEC3-4FDB-A028-72816375F184}.Debug|Any CPU.Build.0 = Debug|Any CPU
		{E64AB331-EEC3-4FDB-A028-72816375F184}.Release|Any CPU.ActiveCfg = Release|Any CPU
		{E64AB331-EEC3-4FDB-A028-72816375F184}.Release|Any CPU.Build.0 = Release|Any CPU
		{6BB5B072-7CDA-46FB-BDDC-F5DEBAB254FF}.Debug|Any CPU.ActiveCfg = Debug|Any CPU
		{6BB5B072-7CDA-46FB-BDDC-F5DEBAB254FF}.Debug|Any CPU.Build.0 = Debug|Any CPU
		{6BB5B072-7CDA-46FB-BDDC-F5DEBAB254FF}.Release|Any CPU.ActiveCfg = Release|Any CPU
		{6BB5B072-7CDA-46FB-BDDC-F5DEBAB254FF}.Release|Any CPU.Build.0 = Release|Any CPU
	EndGlobalSection
	GlobalSection(SolutionProperties) = preSolution
		HideSolutionNode = FALSE
	EndGlobalSection
	GlobalSection(ExtensibilityGlobals) = postSolution
		SolutionGuid = {791DC16E-F78B-4705-A0BE-036FE42DF77E}
	EndGlobalSection
EndGlobal
